
Microsoft Visual Studio Solution File, Format Version 12.00
# Visual Studio Version 17
VisualStudioVersion = 17.7.34221.43
MinimumVisualStudioVersion = 10.0.40219.1
Project("{9A19103F-16F7-4668-BE54-9A1E7A4F7556}") = "Demo", "Demo\Demo.csproj", "{ACF24E38-D9F4-43DC-A1CA-9A2F226894E5}"
EndProject
Global
	GlobalSection(SolutionConfigurationPlatforms) = preSolution
		Debug|Any CPU = Debug|Any CPU
		Release|Any CPU = Release|Any CPU
	EndGlobalSection
	GlobalSection(ProjectConfigurationPlatforms) = postSolution
		{ACF24E38-D9F4-43DC-A1CA-9A2F226894E5}.Debug|Any CPU.ActiveCfg = Debug|Any CPU
		{ACF24E38-D9F4-43DC-A1CA-9A2F226894E5}.Debug|Any CPU.Build.0 = Debug|Any CPU
		{ACF24E38-D9F4-43DC-A1CA-9A2F226894E5}.Debug|Any CPU.Deploy.0 = Debug|Any CPU
		{ACF24E38-D9F4-43DC-A1CA-9A2F226894E5}.Release|Any CPU.ActiveCfg = Release|Any CPU
		{ACF24E38-D9F4-43DC-A1CA-9A2F226894E5}.Release|Any CPU.Build.0 = Release|Any CPU
		{ACF24E38-D9F4-43DC-A1CA-9A2F226894E5}.Release|Any CPU.Deploy.0 = Release|Any CPU
	EndGlobalSection
	GlobalSection(SolutionProperties) = preSolution
		HideSolutionNode = FALSE
	EndGlobalSection
	GlobalSection(ExtensibilityGlobals) = postSolution
		SolutionGuid = {5F43B073-6ABC-4EE3-9A9E-16EF6E2972CA}
	EndGlobalSection
EndGlobal
